
Microsoft Visual Studio Solution File, Format Version 9.00
# Visual C++ Express 2005
Project("{8BC9CEB8-8B4A-11D0-8D11-00A0C91BC942}") = "ApiTest", "ApiTest_SDK_5-10.vcproj", "{B53A7C78-ED3C-4ACF-8063-CE6E750CA695}"
EndProject
Global
	GlobalSection(SolutionConfigurationPlatforms) = preSolution
		Debug|Win32 = Debug|Win32
		Release|Win32 = Release|Win32
	EndGlobalSection
	GlobalSection(ProjectConfigurationPlatforms) = postSolution
		{B53A7C78-ED3C-4ACF-8063-CE6E750CA695}.Debug|Win32.ActiveCfg = Debug|Win32
		{B53A7C78-ED3C-4ACF-8063-CE6E750CA695}.Debug|Win32.Build.0 = Debug|Win32
		{B53A7C78-ED3C-4ACF-8063-CE6E750CA695}.Release|Win32.ActiveCfg = Release|Win32
		{B53A7C78-ED3C-4ACF-8063-CE6E750CA695}.Release|Win32.Build.0 = Release|Win32
	EndGlobalSection
	GlobalSection(SolutionProperties) = preSolution
		HideSolutionNode = FALSE
	EndGlobalSection
EndGlobal
