
Microsoft Visual Studio Solution File, Format Version 11.00
# Visual Studio 2010
Project("{8BC9CEB8-8B4A-11D0-8D11-00A0C91BC942}") = "DMTest", "DMTest_SDK_Cur.vcxproj", "{016B21BF-577B-4419-9A82-0211FAFB4E49}"
EndProject
Global
	GlobalSection(SolutionConfigurationPlatforms) = preSolution
		Debug|Win32 = Debug|Win32
		Release|Win32 = Release|Win32
	EndGlobalSection
	GlobalSection(ProjectConfigurationPlatforms) = postSolution
		{016B21BF-577B-4419-9A82-0211FAFB4E49}.Debug|Win32.ActiveCfg = Debug|Win32
		{016B21BF-577B-4419-9A82-0211FAFB4E49}.Debug|Win32.Build.0 = Debug|Win32
		{016B21BF-577B-4419-9A82-0211FAFB4E49}.Release|Win32.ActiveCfg = Release|Win32
		{016B21BF-577B-4419-9A82-0211FAFB4E49}.Release|Win32.Build.0 = Release|Win32
	EndGlobalSection
	GlobalSection(SolutionProperties) = preSolution
		HideSolutionNode = FALSE
	EndGlobalSection
EndGlobal
